Microsoft Visual Studio Solution File, Format Version 12.00
# Visual Studio Version 17
VisualStudioVersion = 17.5.2.0
MinimumVisualStudioVersion = 10.0.40219.1
Project("{FAE04EC0-301F-11D3-BF4B-00C04F79EFBC}") = "HRIS", "HRIS.csproj", "{DABB6A1F-B57A-3AA7-6149-605BAE4D53E8}"
EndProject
Global
	GlobalSection(SolutionConfigurationPlatforms) = preSolution
		Debug|Any CPU = Debug|Any CPU
		Release|Any CPU = Release|Any CPU
	EndGlobalSection
	GlobalSection(ProjectConfigurationPlatforms) = postSolution
		{DABB6A1F-B57A-3AA7-6149-605BAE4D53E8}.Debug|Any CPU.ActiveCfg = Debug|Any CPU
		{DABB6A1F-B57A-3AA7-6149-605BAE4D53E8}.Debug|Any CPU.Build.0 = Debug|Any CPU
		{DABB6A1F-B57A-3AA7-6149-605BAE4D53E8}.Release|Any CPU.ActiveCfg = Release|Any CPU
		{DABB6A1F-B57A-3AA7-6149-605BAE4D53E8}.Release|Any CPU.Build.0 = Release|Any CPU
	EndGlobalSection
	GlobalSection(SolutionProperties) = preSolution
		HideSolutionNode = FALSE
	EndGlobalSection
	GlobalSection(ExtensibilityGlobals) = postSolution
		SolutionGuid = {7218497A-DAFE-405D-8025-47F443CB73FF}
	EndGlobalSection
EndGlobal
